
Microsoft Visual Studio Solution File, Format Version 12.00
Project("{FAE04EC0-301F-11D3-BF4B-00C04F79EFBC}") = "CarRent", "CarRent.csproj", "{ADB77885-001C-4D56-BDBF-CF12948DEC75}"
EndProject
Global
	GlobalSection(SolutionConfigurationPlatforms) = preSolution
		Debug|Any CPU = Debug|Any CPU
		Release|Any CPU = Release|Any CPU
	EndGlobalSection
	GlobalSection(ProjectConfigurationPlatforms) = postSolution
		{ADB77885-001C-4D56-BDBF-CF12948DEC75}.Debug|Any CPU.ActiveCfg = Debug|Any CPU
		{ADB77885-001C-4D56-BDBF-CF12948DEC75}.Debug|Any CPU.Build.0 = Debug|Any CPU
		{ADB77885-001C-4D56-BDBF-CF12948DEC75}.Release|Any CPU.ActiveCfg = Release|Any CPU
		{ADB77885-001C-4D56-BDBF-CF12948DEC75}.Release|Any CPU.Build.0 = Release|Any CPU
	EndGlobalSection
EndGlobal
